// !$*UTF8*$!
{
	archiveVersion = 1;
	classes = {
	};
	objectVersion = 55;
	objects = {

/* Begin PBXBuildFile section */
		90960F2D2818D76F00538202 /* LoopStudiosLandingPageApp.swift in Sources */ = {isa = PBXBuildFile; fileRef = 90960F1D2818D76E00538202 /* LoopStudiosLandingPageApp.swift */; };
		90960F2E2818D76F00538202 /* LoopStudiosLandingPageApp.swift in Sources */ = {isa = PBXBuildFile; fileRef = 90960F1D2818D76E00538202 /* LoopStudiosLandingPageApp.swift */; };
		90960F2F2818D76F00538202 /* ContentView.swift in Sources */ = {isa = PBXBuildFile; fileRef = 90960F1E2818D76E00538202 /* ContentView.swift */; };
		90960F302818D76F00538202 /* ContentView.swift in Sources */ = {isa = PBXBuildFile; fileRef = 90960F1E2818D76E00538202 /* ContentView.swift */; };
		90960F312818D76F00538202 /* Assets.xcassets in Resources */ = {isa = PBXBuildFile; fileRef = 90960F1F2818D76F00538202 /* Assets.xcassets */; };
		90960F322818D76F00538202 /* Assets.xcassets in Resources */ = {isa = PBXBuildFile; fileRef = 90960F1F2818D76F00538202 /* Assets.xcassets */; };
		90960F3F2818D9F800538202 /* HeaderView.swift in Sources */ = {isa = PBXBuildFile; fileRef = 90960F3E2818D9F800538202 /* HeaderView.swift */; };
		90960F412818DA3E00538202 /* HeaderBackgroundView.swift in Sources */ = {isa = PBXBuildFile; fileRef = 90960F402818DA3E00538202 /* HeaderBackgroundView.swift */; };
		90960F432818DA6B00538202 /* TopNavigationView.swift in Sources */ = {isa = PBXBuildFile; fileRef = 90960F422818DA6B00538202 /* TopNavigationView.swift */; };
		90960F452818DB1B00538202 /* HeroView.swift in Sources */ = {isa = PBXBuildFile; fileRef = 90960F442818DB1B00538202 /* HeroView.swift */; };
/* End PBXBuildFile section */

/* Begin PBXFileReference section */
		90960F1D2818D76E00538202 /* LoopStudiosLandingPageApp.swift */ = {isa = PBXFileReference; lastKnownFileType = sourcecode.swift; path = LoopStudiosLandingPageApp.swift; sourceTree = "<group>"; };
		90960F1E2818D76E00538202 /* ContentView.swift */ = {isa = PBXFileReference; lastKnownFileType = sourcecode.swift; path = ContentView.swift; sourceTree = "<group>"; };
		90960F1F2818D76F00538202 /* Assets.xcassets */ = {isa = PBXFileReference; lastKnownFileType = folder.assetcatalog; path = Assets.xcassets; sourceTree = "<group>"; };
		90960F242818D76F00538202 /* Loop Studios Landing Page.app */ = {isa = PBXFileReference; explicitFileType = wrapper.application; includeInIndex = 0; path = "Loop Studios Landing Page.app"; sourceTree = BUILT_PRODUCTS_DIR; };
		90960F2A2818D76F00538202 /* Loop Studios Landing Page.app */ = {isa = PBXFileReference; explicitFileType = wrapper.application; includeInIndex = 0; path = "Loop Studios Landing Page.app"; sourceTree = BUILT_PRODUCTS_DIR; };
		90960F2C2818D76F00538202 /* macOS.entitlements */ = {isa = PBXFileReference; lastKnownFileType = text.plist.entitlements; path = macOS.entitlements; sourceTree = "<group>"; };
		90960F3E2818D9F800538202 /* HeaderView.swift */ = {isa = PBXFileReference; lastKnownFileType = sourcecode.swift; path = HeaderView.swift; sourceTree = "<group>"; };
		90960F402818DA3E00538202 /* HeaderBackgroundView.swift */ = {isa = PBXFileReference; lastKnownFileType = sourcecode.swift; path = HeaderBackgroundView.swift; sourceTree = "<group>"; };
		90960F422818DA6B00538202 /* TopNavigationView.swift */ = {isa = PBXFileReference; lastKnownFileType = sourcecode.swift; path = TopNavigationView.swift; sourceTree = "<group>"; };
		90960F442818DB1B00538202 /* HeroView.swift */ = {isa = PBXFileReference; lastKnownFileType = sourcecode.swift; path = HeroView.swift; sourceTree = "<group>"; };
/* End PBXFileReference section */

/* Begin PBXFrameworksBuildPhase section */
		90960F212818D76F00538202 /* Frameworks */ = {
			isa = PBXFrameworksBuildPhase;
			buildActionMask = 2147483647;
			files = (
			);
			runOnlyForDeploymentPostprocessing = 0;
		};
		90960F272818D76F00538202 /* Frameworks */ = {
			isa = PBXFrameworksBuildPhase;
			buildActionMask = 2147483647;
			files = (
			);
			runOnlyForDeploymentPostprocessing = 0;
		};
/* End PBXFrameworksBuildPhase section */

/* Begin PBXGroup section */
		90960F172818D76E00538202 = {
			isa = PBXGroup;
			children = (
				90960F1C2818D76E00538202 /* Shared */,
				90960F2B2818D76F00538202 /* macOS */,
				90960F252818D76F00538202 /* Products */,
			);
			sourceTree = "<group>";
		};
		90960F1C2818D76E00538202 /* Shared */ = {
			isa = PBXGroup;
			children = (
				90960F3D2818D79400538202 /* Models */,
				90960F3C2818D78B00538202 /* App */,
				90960F3B2818D78500538202 /* Views */,
			);
			path = Shared;
			sourceTree = "<group>";
		};
		90960F252818D76F00538202 /* Products */ = {
			isa = PBXGroup;
			children = (
				90960F242818D76F00538202 /* Loop Studios Landing Page.app */,
				90960F2A2818D76F00538202 /* Loop Studios Landing Page.app */,
			);
			name = Products;
			sourceTree = "<group>";
		};
		90960F2B2818D76F00538202 /* macOS */ = {
			isa = PBXGroup;
			children = (
				90960F2C2818D76F00538202 /* macOS.entitlements */,
			);
			path = macOS;
			sourceTree = "<group>";
		};
		90960F3B2818D78500538202 /* Views */ = {
			isa = PBXGroup;
			children = (
				90960F1E2818D76E00538202 /* ContentView.swift */,
				90960F3E2818D9F800538202 /* HeaderView.swift */,
				90960F402818DA3E00538202 /* HeaderBackgroundView.swift */,
				90960F422818DA6B00538202 /* TopNavigationView.swift */,
				90960F442818DB1B00538202 /* HeroView.swift */,
			);
			path = Views;
			sourceTree = "<group>";
		};
		90960F3C2818D78B00538202 /* App */ = {
			isa = PBXGroup;
			children = (
				90960F1D2818D76E00538202 /* LoopStudiosLandingPageApp.swift */,
				90960F1F2818D76F00538202 /* Assets.xcassets */,
			);
			path = App;
			sourceTree = "<group>";
		};
		90960F3D2818D79400538202 /* Models */ = {
			isa = PBXGroup;
			children = (
			);
			path = Models;
			sourceTree = "<group>";
		};
/* End PBXGroup section */

/* Begin PBXNativeTarget section */
		90960F232818D76F00538202 /* Loop Studios Landing Page (iOS) */ = {
			isa = PBXNativeTarget;
			buildConfigurationList = 90960F352818D76F00538202 /* Build configuration list for PBXNativeTarget "Loop Studios Landing Page (iOS)" */;
			buildPhases = (
				90960F202818D76F00538202 /* Sources */,
				90960F212818D76F00538202 /* Frameworks */,
				90960F222818D76F00538202 /* Resources */,
			);
			buildRules = (
			);
			dependencies = (
			);
			name = "Loop Studios Landing Page (iOS)";
			productName = "LoopStudiosLandingPage (iOS)";
			productReference = 90960F242818D76F00538202 /* Loop Studios Landing Page.app */;
			productType = "com.apple.product-type.application";
		};
		90960F292818D76F00538202 /* Loop Studios Landing Page (macOS) */ = {
			isa = PBXNativeTarget;
			buildConfigurationList = 90960F382818D76F00538202 /* Build configuration list for PBXNativeTarget "Loop Studios Landing Page (macOS)" */;
			buildPhases = (
				90960F262818D76F00538202 /* Sources */,
				90960F272818D76F00538202 /* Frameworks */,
				90960F282818D76F00538202 /* Resources */,
			);
			buildRules = (
			);
			dependencies = (
			);
			name = "Loop Studios Landing Page (macOS)";
			productName = "LoopStudiosLandingPage (macOS)";
			productReference = 90960F2A2818D76F00538202 /* Loop Studios Landing Page.app */;
			productType = "com.apple.product-type.application";
		};
/* End PBXNativeTarget section */

/* Begin PBXProject section */
		90960F182818D76E00538202 /* Project object */ = {
			isa = PBXProject;
			attributes = {
				BuildIndependentTargetsInParallel = 1;
				LastSwiftUpdateCheck = 1330;
				LastUpgradeCheck = 1330;
				TargetAttributes = {
					90960F232818D76F00538202 = {
						CreatedOnToolsVersion = 13.3.1;
					};
					90960F292818D76F00538202 = {
						CreatedOnToolsVersion = 13.3.1;
					};
				};
			};
			buildConfigurationList = 90960F1B2818D76E00538202 /* Build configuration list for PBXProject "Loop Studios Landing Page" */;
			compatibilityVersion = "Xcode 13.0";
			developmentRegion = en;
			hasScannedForEncodings = 0;
			knownRegions = (
				en,
				Base,
			);
			mainGroup = 90960F172818D76E00538202;
			productRefGroup = 90960F252818D76F00538202 /* Products */;
			projectDirPath = "";
			projectRoot = "";
			targets = (
				90960F232818D76F00538202 /* Loop Studios Landing Page (iOS) */,
				90960F292818D76F00538202 /* Loop Studios Landing Page (macOS) */,
			);
		};
/* End PBXProject section */

/* Begin PBXResourcesBuildPhase section */
		90960F222818D76F00538202 /* Resources */ = {
			isa = PBXResourcesBuildPhase;
			buildActionMask = 2147483647;
			files = (
				90960F312818D76F00538202 /* Assets.xcassets in Resources */,
			);
			runOnlyForDeploymentPostprocessing = 0;
		};
		90960F282818D76F00538202 /* Resources */ = {
			isa = PBXResourcesBuildPhase;
			buildActionMask = 2147483647;
			files = (
				90960F322818D76F00538202 /* Assets.xcassets in Resources */,
			);
			runOnlyForDeploymentPostprocessing = 0;
		};
/* End PBXResourcesBuildPhase section */

/* Begin PBXSourcesBuildPhase section */
		90960F202818D76F00538202 /* Sources */ = {
			isa = PBXSourcesBuildPhase;
			buildActionMask = 2147483647;
			files = (
				90960F2F2818D76F00538202 /* ContentView.swift in Sources */,
				90960F432818DA6B00538202 /* TopNavigationView.swift in Sources */,
				90960F452818DB1B00538202 /* HeroView.swift in Sources */,
				90960F412818DA3E00538202 /* HeaderBackgroundView.swift in Sources */,
				90960F3F2818D9F800538202 /* HeaderView.swift in Sources */,
				90960F2D2818D76F00538202 /* LoopStudiosLandingPageApp.swift in Sources */,
			);
			runOnlyForDeploymentPostprocessing = 0;
		};
		90960F262818D76F00538202 /* Sources */ = {
			isa = PBXSourcesBuildPhase;
			buildActionMask = 2147483647;
			files = (
				90960F302818D76F00538202 /* ContentView.swift in Sources */,
				90960F2E2818D76F00538202 /* LoopStudiosLandingPageApp.swift in Sources */,
			);
			runOnlyForDeploymentPostprocessing = 0;
		};
/* End PBXSourcesBuildPhase section */

/* Begin XCBuildConfiguration section */
		90960F332818D76F00538202 /* Debug */ = {
			isa = XCBuildConfiguration;
			buildSettings = {
				ALWAYS_SEARCH_USER_PATHS = NO;
				CLANG_ANALYZER_NONNULL = YES;
				CLANG_ANALYZER_NUMBER_OBJECT_CONVERSION = YES_AGGRESSIVE;
				CLANG_CXX_LANGUAGE_STANDARD = "gnu++17";
				CLANG_ENABLE_MODULES = YES;
				CLANG_ENABLE_OBJC_ARC = YES;
				CLANG_ENABLE_OBJC_WEAK = YES;
				CLANG_WARN_BLOCK_CAPTURE_AUTORELEASING = YES;
				CLANG_WARN_BOOL_CONVERSION = YES;
				CLANG_WARN_COMMA = YES;
				CLANG_WARN_CONSTANT_CONVERSION = YES;
				CLANG_WARN_DEPRECATED_OBJC_IMPLEMENTATIONS = YES;
				CLANG_WARN_DIRECT_OBJC_ISA_USAGE = YES_ERROR;
				CLANG_WARN_DOCUMENTATION_COMMENTS = YES;
				CLANG_WARN_EMPTY_BODY = YES;
				CLANG_WARN_ENUM_CONVERSION = YES;
				CLANG_WARN_INFINITE_RECURSION = YES;
				CLANG_WARN_INT_CONVERSION = YES;
				CLANG_WARN_NON_LITERAL_NULL_CONVERSION = YES;
				CLANG_WARN_OBJC_IMPLICIT_RETAIN_SELF = YES;
				CLANG_WARN_OBJC_LITERAL_CONVERSION = YES;
				CLANG_WARN_OBJC_ROOT_CLASS = YES_ERROR;
				CLANG_WARN_QUOTED_INCLUDE_IN_FRAMEWORK_HEADER = YES;
				CLANG_WARN_RANGE_LOOP_ANALYSIS = YES;
				CLANG_WARN_STRICT_PROTOTYPES = YES;
				CLANG_WARN_SUSPICIOUS_MOVE = YES;
				CLANG_WARN_UNGUARDED_AVAILABILITY = YES_AGGRESSIVE;
				CLANG_WARN_UNREACHABLE_CODE = YES;
				CLANG_WARN__DUPLICATE_METHOD_MATCH = YES;
				COPY_PHASE_STRIP = NO;
				DEBUG_INFORMATION_FORMAT = dwarf;
				ENABLE_STRICT_OBJC_MSGSEND = YES;
				ENABLE_TESTABILITY = YES;
				GCC_C_LANGUAGE_STANDARD = gnu11;
				GCC_DYNAMIC_NO_PIC = NO;
				GCC_NO_COMMON_BLOCKS = YES;
				GCC_OPTIMIZATION_LEVEL = 0;
				GCC_PREPROCESSOR_DEFINITIONS = (
					"DEBUG=1",
					"$(inherited)",
				);
				GCC_WARN_64_TO_32_BIT_CONVERSION = YES;
				GCC_WARN_ABOUT_RETURN_TYPE = YES_ERROR;
				GCC_WARN_UNDECLARED_SELECTOR = YES;
				GCC_WARN_UNINITIALIZED_AUTOS = YES_AGGRESSIVE;
				GCC_WARN_UNUSED_FUNCTION = YES;
				GCC_WARN_UNUSED_VARIABLE = YES;
				IPHONEOS_DEPLOYMENT_TARGET = 15.4;
				MACOSX_DEPLOYMENT_TARGET = 12.3;
				MTL_ENABLE_DEBUG_INFO = INCLUDE_SOURCE;
				MTL_FAST_MATH = YES;
				ONLY_ACTIVE_ARCH = YES;
				SWIFT_ACTIVE_COMPILATION_CONDITIONS = DEBUG;
				SWIFT_OPTIMIZATION_LEVEL = "-Onone";
			};
			name = Debug;
		};
		90960F342818D76F00538202 /* Release */ = {
			isa = XCBuildConfiguration;
			buildSettings = {
				ALWAYS_SEARCH_USER_PATHS = NO;
				CLANG_ANALYZER_NONNULL = YES;
				CLANG_ANALYZER_NUMBER_OBJECT_CONVERSION = YES_AGGRESSIVE;
				CLANG_CXX_LANGUAGE_STANDARD = "gnu++17";
				CLANG_ENABLE_MODULES = YES;
				CLANG_ENABLE_OBJC_ARC = YES;
				CLANG_ENABLE_OBJC_WEAK = YES;
				CLANG_WARN_BLOCK_CAPTURE_AUTORELEASING = YES;
				CLANG_WARN_BOOL_CONVERSION = YES;
				CLANG_WARN_COMMA = YES;
				CLANG_WARN_CONSTANT_CONVERSION = YES;
				CLANG_WARN_DEPRECATED_OBJC_IMPLEMENTATIONS = YES;
				CLANG_WARN_DIRECT_OBJC_ISA_USAGE = YES_ERROR;
				CLANG_WARN_DOCUMENTATION_COMMENTS = YES;
				CLANG_WARN_EMPTY_BODY = YES;
				CLANG_WARN_ENUM_CONVERSION = YES;
				CLANG_WARN_INFINITE_RECURSION = YES;
				CLANG_WARN_INT_CONVERSION = YES;
				CLANG_WARN_NON_LITERAL_NULL_CONVERSION = YES;
				CLANG_WARN_OBJC_IMPLICIT_RETAIN_SELF = YES;
				CLANG_WARN_OBJC_LITERAL_CONVERSION = YES;
				CLANG_WARN_OBJC_ROOT_CLASS = YES_ERROR;
				CLANG_WARN_QUOTED_INCLUDE_IN_FRAMEWORK_HEADER = YES;
				CLANG_WARN_RANGE_LOOP_ANALYSIS = YES;
				CLANG_WARN_STRICT_PROTOTYPES = YES;
				CLANG_WARN_SUSPICIOUS_MOVE = YES;
				CLANG_WARN_UNGUARDED_AVAILABILITY = YES_AGGRESSIVE;
				CLANG_WARN_UNREACHABLE_CODE = YES;
				CLANG_WARN__DUPLICATE_METHOD_MATCH = YES;
				COPY_PHASE_STRIP = NO;
				DEBUG_INFORMATION_FORMAT = "dwarf-with-dsym";
				ENABLE_NS_ASSERTIONS = NO;
				ENABLE_STRICT_OBJC_MSGSEND = YES;
				GCC_C_LANGUAGE_STANDARD = gnu11;
				GCC_NO_COMMON_BLOCKS = YES;
				GCC_WARN_64_TO_32_BIT_CONVERSION = YES;
				GCC_WARN_ABOUT_RETURN_TYPE = YES_ERROR;
				GCC_WARN_UNDECLARED_SELECTOR = YES;
				GCC_WARN_UNINITIALIZED_AUTOS = YES_AGGRESSIVE;
				GCC_WARN_UNUSED_FUNCTION = YES;
				GCC_WARN_UNUSED_VARIABLE = YES;
				IPHONEOS_DEPLOYMENT_TARGET = 15.4;
				MACOSX_DEPLOYMENT_TARGET = 12.3;
				MTL_ENABLE_DEBUG_INFO = NO;
				MTL_FAST_MATH = YES;
				SWIFT_COMPILATION_MODE = wholemodule;
				SWIFT_OPTIMIZATION_LEVEL = "-O";
			};
			name = Release;
		};
		90960F362818D76F00538202 /* Debug */ = {
			isa = XCBuildConfiguration;
			buildSettings = {
				ASSETCATALOG_COMPILER_APPICON_NAME = AppIcon;
				ASSETCATALOG_COMPILER_GLOBAL_ACCENT_COLOR_NAME = AccentColor;
				CODE_SIGN_STYLE = Automatic;
				CURRENT_PROJECT_VERSION = 1;
				DEVELOPMENT_TEAM = 862P2X6G9G;
				ENABLE_PREVIEWS = YES;
				GENERATE_INFOPLIST_FILE = YES;
				INFOPLIST_KEY_UIApplicationSceneManifest_Generation = YES;
				INFOPLIST_KEY_UIApplicationSupportsIndirectInputEvents = YES;
				INFOPLIST_KEY_UILaunchScreen_Generation = YES;
				INFOPLIST_KEY_UISupportedInterfaceOrientations_iPad = "UIInterfaceOrientationPortrait UIInterfaceOrientationPortraitUpsideDown UIInterfaceOrientationLandscapeLeft UIInterfaceOrientationLandscapeRight";
				INFOPLIST_KEY_UISupportedInterfaceOrientations_iPhone = "UIInterfaceOrientationPortrait UIInterfaceOrientationLandscapeLeft UIInterfaceOrientationLandscapeRight";
				IPHONEOS_DEPLOYMENT_TARGET = 15.4;
				LD_RUNPATH_SEARCH_PATHS = (
					"$(inherited)",
					"@executable_path/Frameworks",
				);
				MARKETING_VERSION = 1.0;
				PRODUCT_BUNDLE_IDENTIFIER = me.jinwook.kim.LoopStudiosLandingPage;
				PRODUCT_NAME = "Loop Studios Landing Page";
				SDKROOT = iphoneos;
				SWIFT_EMIT_LOC_STRINGS = YES;
				SWIFT_VERSION = 5.0;
				TARGETED_DEVICE_FAMILY = "1,2";
			};
			name = Debug;
		};
		90960F372818D76F00538202 /* Release */ = {
			isa = XCBuildConfiguration;
			buildSettings = {
				ASSETCATALOG_COMPILER_APPICON_NAME = AppIcon;
				ASSETCATALOG_COMPILER_GLOBAL_ACCENT_COLOR_NAME = AccentColor;
				CODE_SIGN_STYLE = Automatic;
				CURRENT_PROJECT_VERSION = 1;
				DEVELOPMENT_TEAM = 862P2X6G9G;
				ENABLE_PREVIEWS = YES;
				GENERATE_INFOPLIST_FILE = YES;
				INFOPLIST_KEY_UIApplicationSceneManifest_Generation = YES;
				INFOPLIST_KEY_UIApplicationSupportsIndirectInputEvents = YES;
				INFOPLIST_KEY_UILaunchScreen_Generation = YES;
				INFOPLIST_KEY_UISupportedInterfaceOrientations_iPad = "UIInterfaceOrientationPortrait UIInterfaceOrientationPortraitUpsideDown UIInterfaceOrientationLandscapeLeft UIInterfaceOrientationLandscapeRight";
				INFOPLIST_KEY_UISupportedInterfaceOrientations_iPhone = "UIInterfaceOrientationPortrait UIInterfaceOrientationLandscapeLeft UIInterfaceOrientationLandscapeRight";
				IPHONEOS_DEPLOYMENT_TARGET = 15.4;
				LD_RUNPATH_SEARCH_PATHS = (
					"$(inherited)",
					"@executable_path/Frameworks",
				);
				MARKETING_VERSION = 1.0;
				PRODUCT_BUNDLE_IDENTIFIER = me.jinwook.kim.LoopStudiosLandingPage;
				PRODUCT_NAME = "Loop Studios Landing Page";
				SDKROOT = iphoneos;
				SWIFT_EMIT_LOC_STRINGS = YES;
				SWIFT_VERSION = 5.0;
				TARGETED_DEVICE_FAMILY = "1,2";
				VALIDATE_PRODUCT = YES;
			};
			name = Release;
		};
		90960F392818D76F00538202 /* Debug */ = {
			isa = XCBuildConfiguration;
			buildSettings = {
				ASSETCATALOG_COMPILER_APPICON_NAME = AppIcon;
				ASSETCATALOG_COMPILER_GLOBAL_ACCENT_COLOR_NAME = AccentColor;
				CODE_SIGN_ENTITLEMENTS = macOS/macOS.entitlements;
				CODE_SIGN_STYLE = Automatic;
				COMBINE_HIDPI_IMAGES = YES;
				CURRENT_PROJECT_VERSION = 1;
				DEVELOPMENT_TEAM = 862P2X6G9G;
				ENABLE_HARDENED_RUNTIME = YES;
				ENABLE_PREVIEWS = YES;
				GENERATE_INFOPLIST_FILE = YES;
				INFOPLIST_KEY_NSHumanReadableCopyright = "";
				LD_RUNPATH_SEARCH_PATHS = (
					"$(inherited)",
					"@executable_path/../Frameworks",
				);
				MACOSX_DEPLOYMENT_TARGET = 12.3;
				MARKETING_VERSION = 1.0;
				PRODUCT_BUNDLE_IDENTIFIER = me.jinwook.kim.LoopStudiosLandingPage;
				PRODUCT_NAME = "Loop Studios Landing Page";
				SDKROOT = macosx;
				SWIFT_EMIT_LOC_STRINGS = YES;
				SWIFT_VERSION = 5.0;
			};
			name = Debug;
		};
		90960F3A2818D76F00538202 /* Release */ = {
			isa = XCBuildConfiguration;
			buildSettings = {
				ASSETCATALOG_COMPILER_APPICON_NAME = AppIcon;
				ASSETCATALOG_COMPILER_GLOBAL_ACCENT_COLOR_NAME = AccentColor;
				CODE_SIGN_ENTITLEMENTS = macOS/macOS.entitlements;
				CODE_SIGN_STYLE = Automatic;
				COMBINE_HIDPI_IMAGES = YES;
				CURRENT_PROJECT_VERSION = 1;
				DEVELOPMENT_TEAM = 862P2X6G9G;
				ENABLE_HARDENED_RUNTIME = YES;
				ENABLE_PREVIEWS = YES;
				GENERATE_INFOPLIST_FILE = YES;
				INFOPLIST_KEY_NSHumanReadableCopyright = "";
				LD_RUNPATH_SEARCH_PATHS = (
					"$(inherited)",
					"@executable_path/../Frameworks",
				);
				MACOSX_DEPLOYMENT_TARGET = 12.3;
				MARKETING_VERSION = 1.0;
				PRODUCT_BUNDLE_IDENTIFIER = me.jinwook.kim.LoopStudiosLandingPage;
				PRODUCT_NAME = "Loop Studios Landing Page";
				SDKROOT = macosx;
				SWIFT_EMIT_LOC_STRINGS = YES;
				SWIFT_VERSION = 5.0;
			};
			name = Release;
		};
/* End XCBuildConfiguration section */

/* Begin XCConfigurationList section */
		90960F1B2818D76E00538202 /* Build configuration list for PBXProject "Loop Studios Landing Page" */ = {
			isa = XCConfigurationList;
			buildConfigurations = (
				90960F332818D76F00538202 /* Debug */,
				90960F342818D76F00538202 /* Release */,
			);
			defaultConfigurationIsVisible = 0;
			defaultConfigurationName = Release;
		};
		90960F352818D76F00538202 /* Build configuration list for PBXNativeTarget "Loop Studios Landing Page (iOS)" */ = {
			isa = XCConfigurationList;
			buildConfigurations = (
				90960F362818D76F00538202 /* Debug */,
				90960F372818D76F00538202 /* Release */,
			);
			defaultConfigurationIsVisible = 0;
			defaultConfigurationName = Release;
		};
		90960F382818D76F00538202 /* Build configuration list for PBXNativeTarget "Loop Studios Landing Page (macOS)" */ = {
			isa = XCConfigurationList;
			buildConfigurations = (
				90960F392818D76F00538202 /* Debug */,
				90960F3A2818D76F00538202 /* Release */,
			);
			defaultConfigurationIsVisible = 0;
			defaultConfigurationName = Release;
		};
/* End XCConfigurationList section */
	};
	rootObject = 90960F182818D76E00538202 /* Project object */;
}
